// !$*UTF8*$!
{
	archiveVersion = 1;
	classes = {
	};
	objectVersion = 55;
	objects = {

/* Begin PBXBuildFile section */
		6123EC9B297DB8F30078665E /* TVShowDetailsViewController.swift in Sources */ = {isa = PBXBuildFile; fileRef = 6123EC9A297DB8F30078665E /* TVShowDetailsViewController.swift */; };
		613C1FD2297AF7AC0054F32D /* TVMazeImageView.swift in Sources */ = {isa = PBXBuildFile; fileRef = 613C1FD1297AF7AC0054F32D /* TVMazeImageView.swift */; };
		613C1FD5297AF8340054F32D /* Constants.swift in Sources */ = {isa = PBXBuildFile; fileRef = 613C1FD4297AF8340054F32D /* Constants.swift */; };
		613C1FD7297AF96A0054F32D /* TVMazeTitleLabel.swift in Sources */ = {isa = PBXBuildFile; fileRef = 613C1FD6297AF96A0054F32D /* TVMazeTitleLabel.swift */; };
		613C1FDC297AFF870054F32D /* TVMazeDataLoadingVewController.swift in Sources */ = {isa = PBXBuildFile; fileRef = 613C1FDB297AFF870054F32D /* TVMazeDataLoadingVewController.swift */; };
		613C1FDE297AFFE00054F32D /* TVMazeEmptyStateView.swift in Sources */ = {isa = PBXBuildFile; fileRef = 613C1FDD297AFFE00054F32D /* TVMazeEmptyStateView.swift */; };
		613C1FE0297B00A70054F32D /* UIViewController+Extension.swift in Sources */ = {isa = PBXBuildFile; fileRef = 613C1FDF297B00A70054F32D /* UIViewController+Extension.swift */; };
		613C1FE2297B00DF0054F32D /* TVMazeAlertViewController.swift in Sources */ = {isa = PBXBuildFile; fileRef = 613C1FE1297B00DF0054F32D /* TVMazeAlertViewController.swift */; };
		613C1FE4297B013B0054F32D /* TVMazeAlertContainerView.swift in Sources */ = {isa = PBXBuildFile; fileRef = 613C1FE3297B013B0054F32D /* TVMazeAlertContainerView.swift */; };
		613C1FE6297B01A30054F32D /* TVMazeBodyLabel.swift in Sources */ = {isa = PBXBuildFile; fileRef = 613C1FE5297B01A30054F32D /* TVMazeBodyLabel.swift */; };
		613C1FE8297B01D80054F32D /* TVMazeButton.swift in Sources */ = {isa = PBXBuildFile; fileRef = 613C1FE7297B01D80054F32D /* TVMazeButton.swift */; };
		613C1FEA297B0F0F0054F32D /* UIHelper.swift in Sources */ = {isa = PBXBuildFile; fileRef = 613C1FE9297B0F0F0054F32D /* UIHelper.swift */; };
		61A3AB3329784B650005F74E /* AppDelegate.swift in Sources */ = {isa = PBXBuildFile; fileRef = 61A3AB3229784B650005F74E /* AppDelegate.swift */; };
		61A3AB3529784B650005F74E /* SceneDelegate.swift in Sources */ = {isa = PBXBuildFile; fileRef = 61A3AB3429784B650005F74E /* SceneDelegate.swift */; };
		61A3AB3729784B650005F74E /* ViewController.swift in Sources */ = {isa = PBXBuildFile; fileRef = 61A3AB3629784B650005F74E /* ViewController.swift */; };
		61A3AB3A29784B660005F74E /* Main.storyboard in Resources */ = {isa = PBXBuildFile; fileRef = 61A3AB3829784B660005F74E /* Main.storyboard */; };
		61A3AB3C29784B6A0005F74E /* Assets.xcassets in Resources */ = {isa = PBXBuildFile; fileRef = 61A3AB3B29784B6A0005F74E /* Assets.xcassets */; };
		61A3AB3F29784B6A0005F74E /* LaunchScreen.storyboard in Resources */ = {isa = PBXBuildFile; fileRef = 61A3AB3D29784B6A0005F74E /* LaunchScreen.storyboard */; };
		61A3AB472979BC660005F74E /* TVShowsViewController.swift in Sources */ = {isa = PBXBuildFile; fileRef = 61A3AB462979BC660005F74E /* TVShowsViewController.swift */; };
		61A3AB4A2979BCA10005F74E /* TVShows.swift in Sources */ = {isa = PBXBuildFile; fileRef = 61A3AB492979BCA10005F74E /* TVShows.swift */; };
		61A3AB4C2979C4630005F74E /* Akas.swift in Sources */ = {isa = PBXBuildFile; fileRef = 61A3AB4B2979C4630005F74E /* Akas.swift */; };
		61A3AB4F2979C5B60005F74E /* NetworkManager.swift in Sources */ = {isa = PBXBuildFile; fileRef = 61A3AB4E2979C5B60005F74E /* NetworkManager.swift */; };
		61A3AB512979C6C90005F74E /* TVMazeError.swift in Sources */ = {isa = PBXBuildFile; fileRef = 61A3AB502979C6C90005F74E /* TVMazeError.swift */; };
		61A3AB532979E4570005F74E /* FavoritesTvShowsController.swift in Sources */ = {isa = PBXBuildFile; fileRef = 61A3AB522979E4570005F74E /* FavoritesTvShowsController.swift */; };
		61A3AB572979E5420005F74E /* TVMazeTabBarController.swift in Sources */ = {isa = PBXBuildFile; fileRef = 61A3AB562979E5420005F74E /* TVMazeTabBarController.swift */; };
		61A3AB5C2979EC9D0005F74E /* TVShowCollectionViewCell.swift in Sources */ = {isa = PBXBuildFile; fileRef = 61A3AB5B2979EC9D0005F74E /* TVShowCollectionViewCell.swift */; };
		61D26214297DEE3500B13B74 /* TVShowsViewModel.swift in Sources */ = {isa = PBXBuildFile; fileRef = 61D26213297DEE3500B13B74 /* TVShowsViewModel.swift */; };
/* End PBXBuildFile section */

/* Begin PBXFileReference section */
		6123EC9A297DB8F30078665E /* TVShowDetailsViewController.swift */ = {isa = PBXFileReference; lastKnownFileType = sourcecode.swift; path = TVShowDetailsViewController.swift; sourceTree = "<group>"; };
		613C1FD1297AF7AC0054F32D /* TVMazeImageView.swift */ = {isa = PBXFileReference; lastKnownFileType = sourcecode.swift; path = TVMazeImageView.swift; sourceTree = "<group>"; };
		613C1FD4297AF8340054F32D /* Constants.swift */ = {isa = PBXFileReference; lastKnownFileType = sourcecode.swift; path = Constants.swift; sourceTree = "<group>"; };
		613C1FD6297AF96A0054F32D /* TVMazeTitleLabel.swift */ = {isa = PBXFileReference; lastKnownFileType = sourcecode.swift; path = TVMazeTitleLabel.swift; sourceTree = "<group>"; };
		613C1FDB297AFF870054F32D /* TVMazeDataLoadingVewController.swift */ = {isa = PBXFileReference; lastKnownFileType = sourcecode.swift; path = TVMazeDataLoadingVewController.swift; sourceTree = "<group>"; };
		613C1FDD297AFFE00054F32D /* TVMazeEmptyStateView.swift */ = {isa = PBXFileReference; lastKnownFileType = sourcecode.swift; path = TVMazeEmptyStateView.swift; sourceTree = "<group>"; };
		613C1FDF297B00A70054F32D /* UIViewController+Extension.swift */ = {isa = PBXFileReference; lastKnownFileType = sourcecode.swift; path = "UIViewController+Extension.swift"; sourceTree = "<group>"; };
		613C1FE1297B00DF0054F32D /* TVMazeAlertViewController.swift */ = {isa = PBXFileReference; lastKnownFileType = sourcecode.swift; path = TVMazeAlertViewController.swift; sourceTree = "<group>"; };
		613C1FE3297B013B0054F32D /* TVMazeAlertContainerView.swift */ = {isa = PBXFileReference; lastKnownFileType = sourcecode.swift; path = TVMazeAlertContainerView.swift; sourceTree = "<group>"; };
		613C1FE5297B01A30054F32D /* TVMazeBodyLabel.swift */ = {isa = PBXFileReference; lastKnownFileType = sourcecode.swift; path = TVMazeBodyLabel.swift; sourceTree = "<group>"; };
		613C1FE7297B01D80054F32D /* TVMazeButton.swift */ = {isa = PBXFileReference; lastKnownFileType = sourcecode.swift; path = TVMazeButton.swift; sourceTree = "<group>"; };
		613C1FE9297B0F0F0054F32D /* UIHelper.swift */ = {isa = PBXFileReference; lastKnownFileType = sourcecode.swift; path = UIHelper.swift; sourceTree = "<group>"; };
		61A3AB2F29784B650005F74E /* TVmaze.app */ = {isa = PBXFileReference; explicitFileType = wrapper.application; includeInIndex = 0; path = TVmaze.app; sourceTree = BUILT_PRODUCTS_DIR; };
		61A3AB3229784B650005F74E /* AppDelegate.swift */ = {isa = PBXFileReference; lastKnownFileType = sourcecode.swift; path = AppDelegate.swift; sourceTree = "<group>"; };
		61A3AB3429784B650005F74E /* SceneDelegate.swift */ = {isa = PBXFileReference; lastKnownFileType = sourcecode.swift; path = SceneDelegate.swift; sourceTree = "<group>"; };
		61A3AB3629784B650005F74E /* ViewController.swift */ = {isa = PBXFileReference; lastKnownFileType = sourcecode.swift; path = ViewController.swift; sourceTree = "<group>"; };
		61A3AB3929784B660005F74E /* Base */ = {isa = PBXFileReference; lastKnownFileType = file.storyboard; name = Base; path = Base.lproj/Main.storyboard; sourceTree = "<group>"; };
		61A3AB3B29784B6A0005F74E /* Assets.xcassets */ = {isa = PBXFileReference; lastKnownFileType = folder.assetcatalog; path = Assets.xcassets; sourceTree = "<group>"; };
		61A3AB3E29784B6A0005F74E /* Base */ = {isa = PBXFileReference; lastKnownFileType = file.storyboard; name = Base; path = Base.lproj/LaunchScreen.storyboard; sourceTree = "<group>"; };
		61A3AB4029784B6A0005F74E /* Info.plist */ = {isa = PBXFileReference; lastKnownFileType = text.plist.xml; path = Info.plist; sourceTree = "<group>"; };
		61A3AB462979BC660005F74E /* TVShowsViewController.swift */ = {isa = PBXFileReference; lastKnownFileType = sourcecode.swift; path = TVShowsViewController.swift; sourceTree = "<group>"; };
		61A3AB492979BCA10005F74E /* TVShows.swift */ = {isa = PBXFileReference; lastKnownFileType = sourcecode.swift; path = TVShows.swift; sourceTree = "<group>"; };
		61A3AB4B2979C4630005F74E /* Akas.swift */ = {isa = PBXFileReference; lastKnownFileType = sourcecode.swift; path = Akas.swift; sourceTree = "<group>"; };
		61A3AB4E2979C5B60005F74E /* NetworkManager.swift */ = {isa = PBXFileReference; lastKnownFileType = sourcecode.swift; path = NetworkManager.swift; sourceTree = "<group>"; };
		61A3AB502979C6C90005F74E /* TVMazeError.swift */ = {isa = PBXFileReference; lastKnownFileType = sourcecode.swift; path = TVMazeError.swift; sourceTree = "<group>"; };
		61A3AB522979E4570005F74E /* FavoritesTvShowsController.swift */ = {isa = PBXFileReference; lastKnownFileType = sourcecode.swift; path = FavoritesTvShowsController.swift; sourceTree = "<group>"; };
		61A3AB562979E5420005F74E /* TVMazeTabBarController.swift */ = {isa = PBXFileReference; lastKnownFileType = sourcecode.swift; path = TVMazeTabBarController.swift; sourceTree = "<group>"; };
		61A3AB5B2979EC9D0005F74E /* TVShowCollectionViewCell.swift */ = {isa = PBXFileReference; lastKnownFileType = sourcecode.swift; path = TVShowCollectionViewCell.swift; sourceTree = "<group>"; };
		61D26213297DEE3500B13B74 /* TVShowsViewModel.swift */ = {isa = PBXFileReference; lastKnownFileType = sourcecode.swift; path = TVShowsViewModel.swift; sourceTree = "<group>"; };
/* End PBXFileReference section */

/* Begin PBXFrameworksBuildPhase section */
		61A3AB2C29784B650005F74E /* Frameworks */ = {
			isa = PBXFrameworksBuildPhase;
			buildActionMask = 2147483647;
			files = (
			);
			runOnlyForDeploymentPostprocessing = 0;
		};
/* End PBXFrameworksBuildPhase section */

/* Begin PBXGroup section */
		6123EC9C297DC6EE0078665E /* ViewModels */ = {
			isa = PBXGroup;
			children = (
				61D26213297DEE3500B13B74 /* TVShowsViewModel.swift */,
			);
			path = ViewModels;
			sourceTree = "<group>";
		};
		613C1FD3297AF81F0054F32D /* Utilities */ = {
			isa = PBXGroup;
			children = (
				613C1FD4297AF8340054F32D /* Constants.swift */,
				613C1FE9297B0F0F0054F32D /* UIHelper.swift */,
			);
			path = Utilities;
			sourceTree = "<group>";
		};
		613C1FD8297AFF520054F32D /* ImageView */ = {
			isa = PBXGroup;
			children = (
				613C1FD1297AF7AC0054F32D /* TVMazeImageView.swift */,
			);
			path = ImageView;
			sourceTree = "<group>";
		};
		613C1FD9297AFF600054F32D /* Label */ = {
			isa = PBXGroup;
			children = (
				613C1FD6297AF96A0054F32D /* TVMazeTitleLabel.swift */,
			);
			path = Label;
			sourceTree = "<group>";
		};
		613C1FDA297AFF6D0054F32D /* ViewControllers */ = {
			isa = PBXGroup;
			children = (
				61A3AB562979E5420005F74E /* TVMazeTabBarController.swift */,
				613C1FDB297AFF870054F32D /* TVMazeDataLoadingVewController.swift */,
			);
			path = ViewControllers;
			sourceTree = "<group>";
		};
		61A3AB2629784B650005F74E = {
			isa = PBXGroup;
			children = (
				61A3AB3129784B650005F74E /* TVmaze */,
				61A3AB3029784B650005F74E /* Products */,
			);
			sourceTree = "<group>";
		};
		61A3AB3029784B650005F74E /* Products */ = {
			isa = PBXGroup;
			children = (
				61A3AB2F29784B650005F74E /* TVmaze.app */,
			);
			name = Products;
			sourceTree = "<group>";
		};
		61A3AB3129784B650005F74E /* TVmaze */ = {
			isa = PBXGroup;
			children = (
				6123EC9C297DC6EE0078665E /* ViewModels */,
				613C1FD3297AF81F0054F32D /* Utilities */,
				61A3AB552979E5000005F74E /* Custom Views */,
				61A3AB542979E4D00005F74E /* ViewControllers */,
				61A3AB4D2979C5A10005F74E /* Managers */,
				61A3AB482979BC930005F74E /* Models */,
				61A3AB3229784B650005F74E /* AppDelegate.swift */,
				61A3AB3429784B650005F74E /* SceneDelegate.swift */,
				61A3AB3629784B650005F74E /* ViewController.swift */,
				61A3AB3829784B660005F74E /* Main.storyboard */,
				61A3AB3B29784B6A0005F74E /* Assets.xcassets */,
				61A3AB3D29784B6A0005F74E /* LaunchScreen.storyboard */,
				61A3AB4029784B6A0005F74E /* Info.plist */,
				61A3AB502979C6C90005F74E /* TVMazeError.swift */,
				613C1FDF297B00A70054F32D /* UIViewController+Extension.swift */,
				613C1FE1297B00DF0054F32D /* TVMazeAlertViewController.swift */,
				613C1FE3297B013B0054F32D /* TVMazeAlertContainerView.swift */,
				613C1FE5297B01A30054F32D /* TVMazeBodyLabel.swift */,
				613C1FE7297B01D80054F32D /* TVMazeButton.swift */,
			);
			path = TVmaze;
			sourceTree = "<group>";
		};
		61A3AB482979BC930005F74E /* Models */ = {
			isa = PBXGroup;
			children = (
				61A3AB492979BCA10005F74E /* TVShows.swift */,
				61A3AB4B2979C4630005F74E /* Akas.swift */,
			);
			path = Models;
			sourceTree = "<group>";
		};
		61A3AB4D2979C5A10005F74E /* Managers */ = {
			isa = PBXGroup;
			children = (
				61A3AB4E2979C5B60005F74E /* NetworkManager.swift */,
			);
			path = Managers;
			sourceTree = "<group>";
		};
		61A3AB542979E4D00005F74E /* ViewControllers */ = {
			isa = PBXGroup;
			children = (
				61A3AB462979BC660005F74E /* TVShowsViewController.swift */,
				61A3AB522979E4570005F74E /* FavoritesTvShowsController.swift */,
				6123EC9A297DB8F30078665E /* TVShowDetailsViewController.swift */,
			);
			path = ViewControllers;
			sourceTree = "<group>";
		};
		61A3AB552979E5000005F74E /* Custom Views */ = {
			isa = PBXGroup;
			children = (
				613C1FDA297AFF6D0054F32D /* ViewControllers */,
				613C1FD9297AFF600054F32D /* Label */,
				613C1FD8297AFF520054F32D /* ImageView */,
				61A3AB5A2979EC780005F74E /* Cells */,
				613C1FDD297AFFE00054F32D /* TVMazeEmptyStateView.swift */,
			);
			path = "Custom Views";
			sourceTree = "<group>";
		};
		61A3AB5A2979EC780005F74E /* Cells */ = {
			isa = PBXGroup;
			children = (
				61A3AB5B2979EC9D0005F74E /* TVShowCollectionViewCell.swift */,
			);
			path = Cells;
			sourceTree = "<group>";
		};
/* End PBXGroup section */

/* Begin PBXNativeTarget section */
		61A3AB2E29784B650005F74E /* TVmaze */ = {
			isa = PBXNativeTarget;
			buildConfigurationList = 61A3AB4329784B6B0005F74E /* Build configuration list for PBXNativeTarget "TVmaze" */;
			buildPhases = (
				61A3AB2B29784B650005F74E /* Sources */,
				61A3AB2C29784B650005F74E /* Frameworks */,
				61A3AB2D29784B650005F74E /* Resources */,
			);
			buildRules = (
			);
			dependencies = (
			);
			name = TVmaze;
			productName = TVmaze;
			productReference = 61A3AB2F29784B650005F74E /* TVmaze.app */;
			productType = "com.apple.product-type.application";
		};
/* End PBXNativeTarget section */

/* Begin PBXProject section */
		61A3AB2729784B650005F74E /* Project object */ = {
			isa = PBXProject;
			attributes = {
				BuildIndependentTargetsInParallel = 1;
				LastSwiftUpdateCheck = 1340;
				LastUpgradeCheck = 1340;
				TargetAttributes = {
					61A3AB2E29784B650005F74E = {
						CreatedOnToolsVersion = 13.4.1;
					};
				};
			};
			buildConfigurationList = 61A3AB2A29784B650005F74E /* Build configuration list for PBXProject "TVmaze" */;
			compatibilityVersion = "Xcode 13.0";
			developmentRegion = en;
			hasScannedForEncodings = 0;
			knownRegions = (
				en,
				Base,
			);
			mainGroup = 61A3AB2629784B650005F74E;
			productRefGroup = 61A3AB3029784B650005F74E /* Products */;
			projectDirPath = "";
			projectRoot = "";
			targets = (
				61A3AB2E29784B650005F74E /* TVmaze */,
			);
		};
/* End PBXProject section */

/* Begin PBXResourcesBuildPhase section */
		61A3AB2D29784B650005F74E /* Resources */ = {
			isa = PBXResourcesBuildPhase;
			buildActionMask = 2147483647;
			files = (
				61A3AB3F29784B6A0005F74E /* LaunchScreen.storyboard in Resources */,
				61A3AB3C29784B6A0005F74E /* Assets.xcassets in Resources */,
				61A3AB3A29784B660005F74E /* Main.storyboard in Resources */,
			);
			runOnlyForDeploymentPostprocessing = 0;
		};
/* End PBXResourcesBuildPhase section */

/* Begin PBXSourcesBuildPhase section */
		61A3AB2B29784B650005F74E /* Sources */ = {
			isa = PBXSourcesBuildPhase;
			buildActionMask = 2147483647;
			files = (
				613C1FE0297B00A70054F32D /* UIViewController+Extension.swift in Sources */,
				61A3AB3729784B650005F74E /* ViewController.swift in Sources */,
				61A3AB3329784B650005F74E /* AppDelegate.swift in Sources */,
				61A3AB3529784B650005F74E /* SceneDelegate.swift in Sources */,
				613C1FD2297AF7AC0054F32D /* TVMazeImageView.swift in Sources */,
				613C1FEA297B0F0F0054F32D /* UIHelper.swift in Sources */,
				613C1FDC297AFF870054F32D /* TVMazeDataLoadingVewController.swift in Sources */,
				61A3AB532979E4570005F74E /* FavoritesTvShowsController.swift in Sources */,
				61A3AB5C2979EC9D0005F74E /* TVShowCollectionViewCell.swift in Sources */,
				61A3AB4F2979C5B60005F74E /* NetworkManager.swift in Sources */,
				613C1FE2297B00DF0054F32D /* TVMazeAlertViewController.swift in Sources */,
				61D26214297DEE3500B13B74 /* TVShowsViewModel.swift in Sources */,
				613C1FE8297B01D80054F32D /* TVMazeButton.swift in Sources */,
				613C1FE4297B013B0054F32D /* TVMazeAlertContainerView.swift in Sources */,
				61A3AB4C2979C4630005F74E /* Akas.swift in Sources */,
				613C1FDE297AFFE00054F32D /* TVMazeEmptyStateView.swift in Sources */,
				613C1FE6297B01A30054F32D /* TVMazeBodyLabel.swift in Sources */,
				61A3AB512979C6C90005F74E /* TVMazeError.swift in Sources */,
				613C1FD7297AF96A0054F32D /* TVMazeTitleLabel.swift in Sources */,
				61A3AB4A2979BCA10005F74E /* TVShows.swift in Sources */,
				61A3AB572979E5420005F74E /* TVMazeTabBarController.swift in Sources */,
				6123EC9B297DB8F30078665E /* TVShowDetailsViewController.swift in Sources */,
				613C1FD5297AF8340054F32D /* Constants.swift in Sources */,
				61A3AB472979BC660005F74E /* TVShowsViewController.swift in Sources */,
			);
			runOnlyForDeploymentPostprocessing = 0;
		};
/* End PBXSourcesBuildPhase section */

/* Begin PBXVariantGroup section */
		61A3AB3829784B660005F74E /* Main.storyboard */ = {
			isa = PBXVariantGroup;
			children = (
				61A3AB3929784B660005F74E /* Base */,
			);
			name = Main.storyboard;
			sourceTree = "<group>";
		};
		61A3AB3D29784B6A0005F74E /* LaunchScreen.storyboard */ = {
			isa = PBXVariantGroup;
			children = (
				61A3AB3E29784B6A0005F74E /* Base */,
			);
			name = LaunchScreen.storyboard;
			sourceTree = "<group>";
		};
/* End PBXVariantGroup section */

/* Begin XCBuildConfiguration section */
		61A3AB4129784B6A0005F74E /* Debug */ = {
			isa = XCBuildConfiguration;
			buildSettings = {
				ALWAYS_SEARCH_USER_PATHS = NO;
				CLANG_ANALYZER_NONNULL = YES;
				CLANG_ANALYZER_NUMBER_OBJECT_CONVERSION = YES_AGGRESSIVE;
				CLANG_CXX_LANGUAGE_STANDARD = "gnu++17";
				CLANG_ENABLE_MODULES = YES;
				CLANG_ENABLE_OBJC_ARC = YES;
				CLANG_ENABLE_OBJC_WEAK = YES;
				CLANG_WARN_BLOCK_CAPTURE_AUTORELEASING = YES;
				CLANG_WARN_BOOL_CONVERSION = YES;
				CLANG_WARN_COMMA = YES;
				CLANG_WARN_CONSTANT_CONVERSION = YES;
				CLANG_WARN_DEPRECATED_OBJC_IMPLEMENTATIONS = YES;
				CLANG_WARN_DIRECT_OBJC_ISA_USAGE = YES_ERROR;
				CLANG_WARN_DOCUMENTATION_COMMENTS = YES;
				CLANG_WARN_EMPTY_BODY = YES;
				CLANG_WARN_ENUM_CONVERSION = YES;
				CLANG_WARN_INFINITE_RECURSION = YES;
				CLANG_WARN_INT_CONVERSION = YES;
				CLANG_WARN_NON_LITERAL_NULL_CONVERSION = YES;
				CLANG_WARN_OBJC_IMPLICIT_RETAIN_SELF = YES;
				CLANG_WARN_OBJC_LITERAL_CONVERSION = YES;
				CLANG_WARN_OBJC_ROOT_CLASS = YES_ERROR;
				CLANG_WARN_QUOTED_INCLUDE_IN_FRAMEWORK_HEADER = YES;
				CLANG_WARN_RANGE_LOOP_ANALYSIS = YES;
				CLANG_WARN_STRICT_PROTOTYPES = YES;
				CLANG_WARN_SUSPICIOUS_MOVE = YES;
				CLANG_WARN_UNGUARDED_AVAILABILITY = YES_AGGRESSIVE;
				CLANG_WARN_UNREACHABLE_CODE = YES;
				CLANG_WARN__DUPLICATE_METHOD_MATCH = YES;
				COPY_PHASE_STRIP = NO;
				DEBUG_INFORMATION_FORMAT = dwarf;
				ENABLE_STRICT_OBJC_MSGSEND = YES;
				ENABLE_TESTABILITY = YES;
				GCC_C_LANGUAGE_STANDARD = gnu11;
				GCC_DYNAMIC_NO_PIC = NO;
				GCC_NO_COMMON_BLOCKS = YES;
				GCC_OPTIMIZATION_LEVEL = 0;
				GCC_PREPROCESSOR_DEFINITIONS = (
					"DEBUG=1",
					"$(inherited)",
				);
				GCC_WARN_64_TO_32_BIT_CONVERSION = YES;
				GCC_WARN_ABOUT_RETURN_TYPE = YES_ERROR;
				GCC_WARN_UNDECLARED_SELECTOR = YES;
				GCC_WARN_UNINITIALIZED_AUTOS = YES_AGGRESSIVE;
				GCC_WARN_UNUSED_FUNCTION = YES;
				GCC_WARN_UNUSED_VARIABLE = YES;
				IPHONEOS_DEPLOYMENT_TARGET = 15.5;
				MTL_ENABLE_DEBUG_INFO = INCLUDE_SOURCE;
				MTL_FAST_MATH = YES;
				ONLY_ACTIVE_ARCH = YES;
				SDKROOT = iphoneos;
				SWIFT_ACTIVE_COMPILATION_CONDITIONS = DEBUG;
				SWIFT_OPTIMIZATION_LEVEL = "-Onone";
			};
			name = Debug;
		};
		61A3AB4229784B6A0005F74E /* Release */ = {
			isa = XCBuildConfiguration;
			buildSettings = {
				ALWAYS_SEARCH_USER_PATHS = NO;
				CLANG_ANALYZER_NONNULL = YES;
				CLANG_ANALYZER_NUMBER_OBJECT_CONVERSION = YES_AGGRESSIVE;
				CLANG_CXX_LANGUAGE_STANDARD = "gnu++17";
				CLANG_ENABLE_MODULES = YES;
				CLANG_ENABLE_OBJC_ARC = YES;
				CLANG_ENABLE_OBJC_WEAK = YES;
				CLANG_WARN_BLOCK_CAPTURE_AUTORELEASING = YES;
				CLANG_WARN_BOOL_CONVERSION = YES;
				CLANG_WARN_COMMA = YES;
				CLANG_WARN_CONSTANT_CONVERSION = YES;
				CLANG_WARN_DEPRECATED_OBJC_IMPLEMENTATIONS = YES;
				CLANG_WARN_DIRECT_OBJC_ISA_USAGE = YES_ERROR;
				CLANG_WARN_DOCUMENTATION_COMMENTS = YES;
				CLANG_WARN_EMPTY_BODY = YES;
				CLANG_WARN_ENUM_CONVERSION = YES;
				CLANG_WARN_INFINITE_RECURSION = YES;
				CLANG_WARN_INT_CONVERSION = YES;
				CLANG_WARN_NON_LITERAL_NULL_CONVERSION = YES;
				CLANG_WARN_OBJC_IMPLICIT_RETAIN_SELF = YES;
				CLANG_WARN_OBJC_LITERAL_CONVERSION = YES;
				CLANG_WARN_OBJC_ROOT_CLASS = YES_ERROR;
				CLANG_WARN_QUOTED_INCLUDE_IN_FRAMEWORK_HEADER = YES;
				CLANG_WARN_RANGE_LOOP_ANALYSIS = YES;
				CLANG_WARN_STRICT_PROTOTYPES = YES;
				CLANG_WARN_SUSPICIOUS_MOVE = YES;
				CLANG_WARN_UNGUARDED_AVAILABILITY = YES_AGGRESSIVE;
				CLANG_WARN_UNREACHABLE_CODE = YES;
				CLANG_WARN__DUPLICATE_METHOD_MATCH = YES;
				COPY_PHASE_STRIP = NO;
				DEBUG_INFORMATION_FORMAT = "dwarf-with-dsym";
				ENABLE_NS_ASSERTIONS = NO;
				ENABLE_STRICT_OBJC_MSGSEND = YES;
				GCC_C_LANGUAGE_STANDARD = gnu11;
				GCC_NO_COMMON_BLOCKS = YES;
				GCC_WARN_64_TO_32_BIT_CONVERSION = YES;
				GCC_WARN_ABOUT_RETURN_TYPE = YES_ERROR;
				GCC_WARN_UNDECLARED_SELECTOR = YES;
				GCC_WARN_UNINITIALIZED_AUTOS = YES_AGGRESSIVE;
				GCC_WARN_UNUSED_FUNCTION = YES;
				GCC_WARN_UNUSED_VARIABLE = YES;
				IPHONEOS_DEPLOYMENT_TARGET = 15.5;
				MTL_ENABLE_DEBUG_INFO = NO;
				MTL_FAST_MATH = YES;
				SDKROOT = iphoneos;
				SWIFT_COMPILATION_MODE = wholemodule;
				SWIFT_OPTIMIZATION_LEVEL = "-O";
				VALIDATE_PRODUCT = YES;
			};
			name = Release;
		};
		61A3AB4429784B6B0005F74E /* Debug */ = {
			isa = XCBuildConfiguration;
			buildSettings = {
				ASSETCATALOG_COMPILER_APPICON_NAME = AppIcon;
				ASSETCATALOG_COMPILER_GLOBAL_ACCENT_COLOR_NAME = AccentColor;
				CODE_SIGN_STYLE = Automatic;
				CURRENT_PROJECT_VERSION = 1;
				DEVELOPMENT_TEAM = C3X5LUYPC4;
				GENERATE_INFOPLIST_FILE = YES;
				INFOPLIST_FILE = TVmaze/Info.plist;
				INFOPLIST_KEY_UIApplicationSupportsIndirectInputEvents = YES;
				INFOPLIST_KEY_UILaunchStoryboardName = LaunchScreen;
				INFOPLIST_KEY_UIMainStoryboardFile = Main;
				INFOPLIST_KEY_UISupportedInterfaceOrientations_iPad = "UIInterfaceOrientationPortrait UIInterfaceOrientationPortraitUpsideDown UIInterfaceOrientationLandscapeLeft UIInterfaceOrientationLandscapeRight";
				INFOPLIST_KEY_UISupportedInterfaceOrientations_iPhone = "UIInterfaceOrientationPortrait UIInterfaceOrientationLandscapeLeft UIInterfaceOrientationLandscapeRight";
				LD_RUNPATH_SEARCH_PATHS = (
					"$(inherited)",
					"@executable_path/Frameworks",
				);
				MARKETING_VERSION = 1.0;
				PRODUCT_BUNDLE_IDENTIFIER = br.com.fabriciopujol.TVmaze;
				PRODUCT_NAME = "$(TARGET_NAME)";
				SWIFT_EMIT_LOC_STRINGS = YES;
				SWIFT_VERSION = 5.0;
				TARGETED_DEVICE_FAMILY = 1;
			};
			name = Debug;
		};
		61A3AB4529784B6B0005F74E /* Release */ = {
			isa = XCBuildConfiguration;
			buildSettings = {
				ASSETCATALOG_COMPILER_APPICON_NAME = AppIcon;
				ASSETCATALOG_COMPILER_GLOBAL_ACCENT_COLOR_NAME = AccentColor;
				CODE_SIGN_STYLE = Automatic;
				CURRENT_PROJECT_VERSION = 1;
				DEVELOPMENT_TEAM = C3X5LUYPC4;
				GENERATE_INFOPLIST_FILE = YES;
				INFOPLIST_FILE = TVmaze/Info.plist;
				INFOPLIST_KEY_UIApplicationSupportsIndirectInputEvents = YES;
				INFOPLIST_KEY_UILaunchStoryboardName = LaunchScreen;
				INFOPLIST_KEY_UIMainStoryboardFile = Main;
				INFOPLIST_KEY_UISupportedInterfaceOrientations_iPad = "UIInterfaceOrientationPortrait UIInterfaceOrientationPortraitUpsideDown UIInterfaceOrientationLandscapeLeft UIInterfaceOrientationLandscapeRight";
				INFOPLIST_KEY_UISupportedInterfaceOrientations_iPhone = "UIInterfaceOrientationPortrait UIInterfaceOrientationLandscapeLeft UIInterfaceOrientationLandscapeRight";
				LD_RUNPATH_SEARCH_PATHS = (
					"$(inherited)",
					"@executable_path/Frameworks",
				);
				MARKETING_VERSION = 1.0;
				PRODUCT_BUNDLE_IDENTIFIER = br.com.fabriciopujol.TVmaze;
				PRODUCT_NAME = "$(TARGET_NAME)";
				SWIFT_EMIT_LOC_STRINGS = YES;
				SWIFT_VERSION = 5.0;
				TARGETED_DEVICE_FAMILY = 1;
			};
			name = Release;
		};
/* End XCBuildConfiguration section */

/* Begin XCConfigurationList section */
		61A3AB2A29784B650005F74E /* Build configuration list for PBXProject "TVmaze" */ = {
			isa = XCConfigurationList;
			buildConfigurations = (
				61A3AB4129784B6A0005F74E /* Debug */,
				61A3AB4229784B6A0005F74E /* Release */,
			);
			defaultConfigurationIsVisible = 0;
			defaultConfigurationName = Release;
		};
		61A3AB4329784B6B0005F74E /* Build configuration list for PBXNativeTarget "TVmaze" */ = {
			isa = XCConfigurationList;
			buildConfigurations = (
				61A3AB4429784B6B0005F74E /* Debug */,
				61A3AB4529784B6B0005F74E /* Release */,
			);
			defaultConfigurationIsVisible = 0;
			defaultConfigurationName = Release;
		};
/* End XCConfigurationList section */
	};
	rootObject = 61A3AB2729784B650005F74E /* Project object */;
}
